
Microsoft Visual Studio Solution File, Format Version 12.00
# Visual Studio Version 16
VisualStudioVersion = 16.0.30320.27
MinimumVisualStudioVersion = 10.0.40219.1
Project("{FAE04EC0-301F-11D3-BF4B-00C04F79EFBC}") = "ActivityIssue", "ActivityIssue\ActivityIssue.csproj", "{439BF679-1A83-4B72-B3EE-A370CC12352B}"
EndProject
Global
	GlobalSection(SolutionConfigurationPlatforms) = preSolution
		Debug|Any CPU = Debug|Any CPU
		Release|Any CPU = Release|Any CPU
	EndGlobalSection
	GlobalSection(ProjectConfigurationPlatforms) = postSolution
		{439BF679-1A83-4B72-B3EE-A370CC12352B}.Debug|Any CPU.ActiveCfg = Debug|Any CPU
		{439BF679-1A83-4B72-B3EE-A370CC12352B}.Debug|Any CPU.Build.0 = Debug|Any CPU
		{439BF679-1A83-4B72-B3EE-A370CC12352B}.Release|Any CPU.ActiveCfg = Release|Any CPU
		{439BF679-1A83-4B72-B3EE-A370CC12352B}.Release|Any CPU.Build.0 = Release|Any CPU
	EndGlobalSection
	GlobalSection(SolutionProperties) = preSolution
		HideSolutionNode = FALSE
	EndGlobalSection
	GlobalSection(ExtensibilityGlobals) = postSolution
		SolutionGuid = {986DECF1-9CEA-4F50-A1B9-B1343A375D96}
	EndGlobalSection
EndGlobal
